
Microsoft Visual Studio Solution File, Format Version 12.00
# Visual Studio Version 16
VisualStudioVersion = 16.0.30011.22
MinimumVisualStudioVersion = 10.0.40219.1
Project("{FAE04EC0-301F-11D3-BF4B-00C04F79EFBC}") = "DeepDiveTechnicals", "DeepDiveTechnicals.csproj", "{92ED299F-E202-4C16-939A-47AD12DAD1EB}"
EndProject
Global
	GlobalSection(SolutionConfigurationPlatforms) = preSolution
		Debug|Any CPU = Debug|Any CPU
		Release|Any CPU = Release|Any CPU
	EndGlobalSection
	GlobalSection(ProjectConfigurationPlatforms) = postSolution
		{92ED299F-E202-4C16-939A-47AD12DAD1EB}.Debug|Any CPU.ActiveCfg = Debug|Any CPU
		{92ED299F-E202-4C16-939A-47AD12DAD1EB}.Debug|Any CPU.Build.0 = Debug|Any CPU
		{92ED299F-E202-4C16-939A-47AD12DAD1EB}.Release|Any CPU.ActiveCfg = Release|Any CPU
		{92ED299F-E202-4C16-939A-47AD12DAD1EB}.Release|Any CPU.Build.0 = Release|Any CPU
	EndGlobalSection
	GlobalSection(SolutionProperties) = preSolution
		HideSolutionNode = FALSE
	EndGlobalSection
	GlobalSection(ExtensibilityGlobals) = postSolution
		SolutionGuid = {04D85640-DB76-4C8D-A772-9E3006D3F465}
	EndGlobalSection
EndGlobal
